
Microsoft Visual Studio Solution File, Format Version 12.00
# Visual Studio Version 18
VisualStudioVersion = 18.6.11806.211
MinimumVisualStudioVersion = 10.0.40219.1
Project("{FAE04EC0-301F-11D3-BF4B-00C04F79EFBC}") = "Kursovichok2", "Kursovichok2\Kursovichok2.csproj", "{19360545-5A97-41B3-89F3-E7D5B2B8D8D5}"
EndProject
Global
	GlobalSection(SolutionConfigurationPlatforms) = preSolution
		Debug|Any CPU = Debug|Any CPU
		Release|Any CPU = Release|Any CPU
	EndGlobalSection
	GlobalSection(ProjectConfigurationPlatforms) = postSolution
		{19360545-5A97-41B3-89F3-E7D5B2B8D8D5}.Debug|Any CPU.ActiveCfg = Debug|Any CPU
		{19360545-5A97-41B3-89F3-E7D5B2B8D8D5}.Debug|Any CPU.Build.0 = Debug|Any CPU
		{19360545-5A97-41B3-89F3-E7D5B2B8D8D5}.Release|Any CPU.ActiveCfg = Release|Any CPU
		{19360545-5A97-41B3-89F3-E7D5B2B8D8D5}.Release|Any CPU.Build.0 = Release|Any CPU
	EndGlobalSection
	GlobalSection(SolutionProperties) = preSolution
		HideSolutionNode = FALSE
	EndGlobalSection
	GlobalSection(ExtensibilityGlobals) = postSolution
		SolutionGuid = {85BAE634-9A50-4054-B935-639A1165382D}
	EndGlobalSection
EndGlobal
